schema: '2.0'
stages:
  prepare:
    cmd: python3 src/prepare.py data/raw data/prepared
    deps:
    - path: data/raw
      hash: md5
      md5: 1a2b5ad49fe11a48f16f408624184a74.dir
      size: 9002123
      nfiles: 1638
    - path: src/prepare.py
      hash: md5
      md5: d4f3312976ced5ace2cdab70239d544a
      size: 2514
    - path: src/utils/seed.py
      hash: md5
      md5: 3a792a2e3aece6c04c2756bc133a5cd1
      size: 438
    params:
      params.yaml:
        prepare:
          seed: 77
          split: 0.2
          image_size:
          - 32
          - 32
          grayscale: true
    outs:
    - path: data/prepared
      hash: md5
      md5: 2f7b083590fb9049db386fe795677c5a.dir
      size: 6754419
      nfiles: 8
  train:
    cmd: python3 src/train.py data/prepared model
    deps:
    - path: data/prepared
      hash: md5
      md5: 2f7b083590fb9049db386fe795677c5a.dir
      size: 6754419
      nfiles: 8
    - path: src/train.py
      hash: md5
      md5: c9d55746b473d880abbd6fe901aeeaa7
      size: 3879
    - path: src/utils/seed.py
      hash: md5
      md5: 3a792a2e3aece6c04c2756bc133a5cd1
      size: 438
    params:
      params.yaml:
        train:
          seed: 77
          lr: 0.001
          epochs: 9
          conv_size: 64
          dense_size: 128
          output_classes: 11
    outs:
    - path: model
      hash: md5
      md5: d012c4837228b7e5acdade6ef6452829.dir
      size: 8427635
      nfiles: 2
  evaluate:
    cmd: python3 src/evaluate.py model data/prepared
    deps:
    - path: model
      hash: md5
      md5: d012c4837228b7e5acdade6ef6452829.dir
      size: 8427635
      nfiles: 2
    - path: src/evaluate.py
      hash: md5
      md5: 841594196e02ec5a1538cfdfeb4bb836
      size: 5503
    outs:
    - path: evaluation/metrics.json
      hash: md5
      md5: c7c90ddb49f078219204b025f2f3093b
      size: 64
    - path: evaluation/plots/confusion_matrix.png
      hash: md5
      md5: 7a68e8d3fd2ed62aa02d436a1ca689dd
      size: 45043
    - path: evaluation/plots/pred_preview.png
      hash: md5
      md5: d9b2bf66bde4bb2c8f3623c492921d44
      size: 45712
    - path: evaluation/plots/training_history.png
      hash: md5
      md5: 5b00443cb111ac7398a5b65ea6681f82
      size: 37730
