schema: '2.0'
stages:
  prepare:
    cmd: python3 src/prepare.py data/raw data/prepared
    deps:
    - path: data/raw
      hash: md5
      md5: 6d8f0c274829764e1ea1112420825014.dir
      size: 8822930
      nfiles: 1605
    - path: src/prepare.py
      hash: md5
      md5: d4f3312976ced5ace2cdab70239d544a
      size: 2514
    - path: src/utils/seed.py
      hash: md5
      md5: 3a792a2e3aece6c04c2756bc133a5cd1
      size: 438
    params:
      params.yaml:
        prepare:
          seed: 77
          split: 0.2
          image_size:
          - 32
          - 32
          grayscale: true
    outs:
    - path: data/prepared
      hash: md5
      md5: f680f07a4c2c02d5c17a2a63986c8a3c.dir
      size: 6619319
      nfiles: 8
  train:
    cmd: python3 src/train.py data/prepared model
    deps:
    - path: data/prepared
      hash: md5
      md5: f680f07a4c2c02d5c17a2a63986c8a3c.dir
      size: 6619319
      nfiles: 8
    - path: src/train.py
      hash: md5
      md5: c9d55746b473d880abbd6fe901aeeaa7
      size: 3879
    - path: src/utils/seed.py
      hash: md5
      md5: 3a792a2e3aece6c04c2756bc133a5cd1
      size: 438
    params:
      params.yaml:
        train:
          seed: 77
          lr: 0.001
          epochs: 10
          conv_size: 64
          dense_size: 128
          output_classes: 11
    outs:
    - path: model
      hash: md5
      md5: 2b31df7a897398a9713f5c19cb5e42a4.dir
      size: 8380575
      nfiles: 2
  evaluate:
    cmd: python3 src/evaluate.py model data/prepared
    deps:
    - path: model
      hash: md5
      md5: 2b31df7a897398a9713f5c19cb5e42a4.dir
      size: 8380575
      nfiles: 2
    - path: src/evaluate.py
      hash: md5
      md5: 841594196e02ec5a1538cfdfeb4bb836
      size: 5503
    outs:
    - path: evaluation/metrics.json
      hash: md5
      md5: 58af984911dc5adba918521903568da4
      size: 63
    - path: evaluation/plots/confusion_matrix.png
      hash: md5
      md5: 04f0e0bc2a934e14489ac8a8c025d2bc
      size: 44901
    - path: evaluation/plots/pred_preview.png
      hash: md5
      md5: 15540f67acfda3daebc5b31ca18e76c6
      size: 43556
    - path: evaluation/plots/training_history.png
      hash: md5
      md5: 56b9a1728b42c7214079ec87140182b2
      size: 37310
